{
  "name": "arquitetura-santa-cecilia",
  "version": "1.0.0",
  "lockfileVersion": 3,
  "requires": true,
  "packages": {
    "": {
      "name": "arquitetura-santa-cecilia",
      "version": "1.0.0",
      "workspaces": [
        "services/*"
      ],
      "devDependencies": {
        "yaml": "2.9.1"
      },
      "engines": {
        "node": ">=24"
      }
    },
    "node_modules/demo-catalog": {
      "resolved": "services/catalog",
      "link": true
    },
    "node_modules/demo-checkout": {
      "resolved": "services/checkout",
      "link": true
    },
    "node_modules/demo-relay": {
      "resolved": "services/relay",
      "link": true
    },
    "node_modules/demo-web": {
      "resolved": "services/web",
      "link": true
    },
    "node_modules/demo-worker": {
      "resolved": "services/worker",
      "link": true
    },
    "node_modules/yaml": {
      "version": "2.9.1",
      "resolved": "https://registry.npmjs.org/yaml/-/yaml-2.9.1.tgz",
      "integrity": "sha512-3NxN8+78OdzbT7C/WjGsyfPAtJaN3FNDsWxv7Y7mcDsT/oOmgW8BpyQQFFBnvZE3j9Y2Sdz1ULFLezL7Eb2yFw==",
      "dev": true,
      "license": "ISC",
      "bin": {
        "yaml": "bin.mjs"
      },
      "engines": {
        "node": ">= 14.6"
      },
      "funding": {
        "url": "https://github.com/sponsors/eemeli"
      }
    },
    "services/catalog": {
      "name": "demo-catalog",
      "version": "1.0.0"
    },
    "services/checkout": {
      "name": "demo-checkout",
      "version": "1.0.0"
    },
    "services/relay": {
      "name": "demo-relay",
      "version": "1.0.0"
    },
    "services/web": {
      "name": "demo-web",
      "version": "1.0.0"
    },
    "services/worker": {
      "name": "demo-worker",
      "version": "1.0.0"
    }
  }
}
